
Microsoft Visual Studio Solution File, Format Version 12.00
# Visual Studio 15
VisualStudioVersion = 15.0.26823.1
MinimumVisualStudioVersion = 10.0.40219.1
Project("{2150E333-8FDC-42A3-9474-1A3956D46DE8}") = "Hosts", "Hosts", "{DE258FE0-C649-4EF3-B64F-190CC4BE0F02}"
EndProject
Project("{2150E333-8FDC-42A3-9474-1A3956D46DE8}") = "AspNetCore", "AspNetCore", "{087C660C-DA6A-49B3-9B1A-94FCF50D70D0}"
EndProject
Project("{2150E333-8FDC-42A3-9474-1A3956D46DE8}") = "Docs", "Docs", "{B1025C28-F4F2-4755-84EA-329D98A2E1F3}"
	ProjectSection(SolutionItems) = preProject
		Notepad\ASP.NET Core 总结1.md = Notepad\ASP.NET Core 总结1.md
	EndProjectSection
EndProject
Project("{2150E333-8FDC-42A3-9474-1A3956D46DE8}") = "Native", "Native", "{E0D93C33-C347-4143-9D46-2F22732081DA}"
EndProject
Project("{8BC9CEB8-8B4A-11D0-8D11-00A0C91BC942}") = "libcaptchaimage", "Native\LibCaptchaImage\LibCaptchaImage.vcxproj", "{D26C8DC9-8F97-4768-A55B-A85D879150CD}"
EndProject
Project("{9A19103F-16F7-4668-BE54-9A1E7A4F7556}") = "LibCaptchaImageWarp", "Native\LibCaptchaImageWarp\LibCaptchaImageWarp.csproj", "{12987F35-1810-48B4-AFAA-D9990BC5B982}"
EndProject
Project("{9A19103F-16F7-4668-BE54-9A1E7A4F7556}") = "XUnitTestProject1", "XUnitTestProject1\XUnitTestProject1.csproj", "{ACB1E573-D74D-476B-94C9-E2F9B81242B5}"
EndProject
Project("{9A19103F-16F7-4668-BE54-9A1E7A4F7556}") = "YOYOFx.Extensions.DependencyInjection", "AspNetCore\YOYOFx.Extensions.DependencyInjection\YOYOFx.Extensions.DependencyInjection.csproj", "{67AB6004-7FC5-488B-A8D0-0C41A8EE1E2B}"
EndProject
Global
	GlobalSection(SolutionConfigurationPlatforms) = preSolution
		Debug|Any CPU = Debug|Any CPU
		Debug|x64 = Debug|x64
		Debug|x86 = Debug|x86
		Release|Any CPU = Release|Any CPU
		Release|x64 = Release|x64
		Release|x86 = Release|x86
	EndGlobalSection
	GlobalSection(ProjectConfigurationPlatforms) = postSolution
		{D26C8DC9-8F97-4768-A55B-A85D879150CD}.Debug|Any CPU.ActiveCfg = Debug|x64
		{D26C8DC9-8F97-4768-A55B-A85D879150CD}.Debug|x64.ActiveCfg = Debug|x64
		{D26C8DC9-8F97-4768-A55B-A85D879150CD}.Debug|x64.Build.0 = Debug|x64
		{D26C8DC9-8F97-4768-A55B-A85D879150CD}.Debug|x86.ActiveCfg = Debug|Win32
		{D26C8DC9-8F97-4768-A55B-A85D879150CD}.Debug|x86.Build.0 = Debug|Win32
		{D26C8DC9-8F97-4768-A55B-A85D879150CD}.Release|Any CPU.ActiveCfg = Release|Win32
		{D26C8DC9-8F97-4768-A55B-A85D879150CD}.Release|x64.ActiveCfg = Release|x64
		{D26C8DC9-8F97-4768-A55B-A85D879150CD}.Release|x64.Build.0 = Release|x64
		{D26C8DC9-8F97-4768-A55B-A85D879150CD}.Release|x86.ActiveCfg = Release|Win32
		{D26C8DC9-8F97-4768-A55B-A85D879150CD}.Release|x86.Build.0 = Release|Win32
		{12987F35-1810-48B4-AFAA-D9990BC5B982}.Debug|Any CPU.ActiveCfg = Debug|Any CPU
		{12987F35-1810-48B4-AFAA-D9990BC5B982}.Debug|Any CPU.Build.0 = Debug|Any CPU
		{12987F35-1810-48B4-AFAA-D9990BC5B982}.Debug|x64.ActiveCfg = Debug|Any CPU
		{12987F35-1810-48B4-AFAA-D9990BC5B982}.Debug|x64.Build.0 = Debug|Any CPU
		{12987F35-1810-48B4-AFAA-D9990BC5B982}.Debug|x86.ActiveCfg = Debug|Any CPU
		{12987F35-1810-48B4-AFAA-D9990BC5B982}.Debug|x86.Build.0 = Debug|Any CPU
		{12987F35-1810-48B4-AFAA-D9990BC5B982}.Release|Any CPU.ActiveCfg = Release|Any CPU
		{12987F35-1810-48B4-AFAA-D9990BC5B982}.Release|Any CPU.Build.0 = Release|Any CPU
		{12987F35-1810-48B4-AFAA-D9990BC5B982}.Release|x64.ActiveCfg = Release|Any CPU
		{12987F35-1810-48B4-AFAA-D9990BC5B982}.Release|x64.Build.0 = Release|Any CPU
		{12987F35-1810-48B4-AFAA-D9990BC5B982}.Release|x86.ActiveCfg = Release|Any CPU
		{12987F35-1810-48B4-AFAA-D9990BC5B982}.Release|x86.Build.0 = Release|Any CPU
		{ACB1E573-D74D-476B-94C9-E2F9B81242B5}.Debug|Any CPU.ActiveCfg = Debug|Any CPU
		{ACB1E573-D74D-476B-94C9-E2F9B81242B5}.Debug|Any CPU.Build.0 = Debug|Any CPU
		{ACB1E573-D74D-476B-94C9-E2F9B81242B5}.Debug|x64.ActiveCfg = Debug|Any CPU
		{ACB1E573-D74D-476B-94C9-E2F9B81242B5}.Debug|x64.Build.0 = Debug|Any CPU
		{ACB1E573-D74D-476B-94C9-E2F9B81242B5}.Debug|x86.ActiveCfg = Debug|Any CPU
		{ACB1E573-D74D-476B-94C9-E2F9B81242B5}.Debug|x86.Build.0 = Debug|Any CPU
		{ACB1E573-D74D-476B-94C9-E2F9B81242B5}.Release|Any CPU.ActiveCfg = Release|Any CPU
		{ACB1E573-D74D-476B-94C9-E2F9B81242B5}.Release|Any CPU.Build.0 = Release|Any CPU
		{ACB1E573-D74D-476B-94C9-E2F9B81242B5}.Release|x64.ActiveCfg = Release|Any CPU
		{ACB1E573-D74D-476B-94C9-E2F9B81242B5}.Release|x64.Build.0 = Release|Any CPU
		{ACB1E573-D74D-476B-94C9-E2F9B81242B5}.Release|x86.ActiveCfg = Release|Any CPU
		{ACB1E573-D74D-476B-94C9-E2F9B81242B5}.Release|x86.Build.0 = Release|Any CPU
		{67AB6004-7FC5-488B-A8D0-0C41A8EE1E2B}.Debug|Any CPU.ActiveCfg = Debug|Any CPU
		{67AB6004-7FC5-488B-A8D0-0C41A8EE1E2B}.Debug|Any CPU.Build.0 = Debug|Any CPU
		{67AB6004-7FC5-488B-A8D0-0C41A8EE1E2B}.Debug|x64.ActiveCfg = Debug|Any CPU
		{67AB6004-7FC5-488B-A8D0-0C41A8EE1E2B}.Debug|x64.Build.0 = Debug|Any CPU
		{67AB6004-7FC5-488B-A8D0-0C41A8EE1E2B}.Debug|x86.ActiveCfg = Debug|Any CPU
		{67AB6004-7FC5-488B-A8D0-0C41A8EE1E2B}.Debug|x86.Build.0 = Debug|Any CPU
		{67AB6004-7FC5-488B-A8D0-0C41A8EE1E2B}.Release|Any CPU.ActiveCfg = Release|Any CPU
		{67AB6004-7FC5-488B-A8D0-0C41A8EE1E2B}.Release|Any CPU.Build.0 = Release|Any CPU
		{67AB6004-7FC5-488B-A8D0-0C41A8EE1E2B}.Release|x64.ActiveCfg = Release|Any CPU
		{67AB6004-7FC5-488B-A8D0-0C41A8EE1E2B}.Release|x64.Build.0 = Release|Any CPU
		{67AB6004-7FC5-488B-A8D0-0C41A8EE1E2B}.Release|x86.ActiveCfg = Release|Any CPU
		{67AB6004-7FC5-488B-A8D0-0C41A8EE1E2B}.Release|x86.Build.0 = Release|Any CPU
	EndGlobalSection
	GlobalSection(SolutionProperties) = preSolution
		HideSolutionNode = FALSE
	EndGlobalSection
	GlobalSection(NestedProjects) = preSolution
		{D26C8DC9-8F97-4768-A55B-A85D879150CD} = {E0D93C33-C347-4143-9D46-2F22732081DA}
		{12987F35-1810-48B4-AFAA-D9990BC5B982} = {E0D93C33-C347-4143-9D46-2F22732081DA}
		{67AB6004-7FC5-488B-A8D0-0C41A8EE1E2B} = {087C660C-DA6A-49B3-9B1A-94FCF50D70D0}
	EndGlobalSection
	GlobalSection(ExtensibilityGlobals) = postSolution
		SolutionGuid = {2721D951-A47B-4B9F-97A5-FFDD3C17DC31}
	EndGlobalSection
EndGlobal
