
Microsoft Visual Studio Solution File, Format Version 12.00
# Visual Studio 14
VisualStudioVersion = 14.0.25123.0
MinimumVisualStudioVersion = 10.0.40219.1
Project("{FAE04EC0-301F-11D3-BF4B-00C04F79EFBC}") = "YOYO.Owin", "YOYO.Owin\YOYO.Owin.csproj", "{C2026151-9E62-4F53-B80C-CA9585118C18}"
EndProject
Project("{2150E333-8FDC-42A3-9474-1A3956D46DE8}") = "Hosts", "Hosts", "{DE258FE0-C649-4EF3-B64F-190CC4BE0F02}"
EndProject
Project("{FAE04EC0-301F-11D3-BF4B-00C04F79EFBC}") = "OwinHost", "OwinHost\OwinHost.csproj", "{DC261051-8B99-497A-8C5B-2E57366177E2}"
EndProject
Project("{2150E333-8FDC-42A3-9474-1A3956D46DE8}") = "Demos", "Demos", "{D5F71109-AC3C-421B-A989-5D54026BEC3B}"
EndProject
Project("{FAE04EC0-301F-11D3-BF4B-00C04F79EFBC}") = "YOYOFxMvcDemo", "YOYOFxMvcDemo\YOYOFxMvcDemo.csproj", "{7B609DA0-A63F-42EF-BDA7-0031BB5E4349}"
EndProject
Project("{FAE04EC0-301F-11D3-BF4B-00C04F79EFBC}") = "YOYO.Mvc", "YOYO.Mvc\YOYO.Mvc.csproj", "{69105277-8BD6-404D-B81D-A8B22B08CD5E}"
EndProject
Project("{FAE04EC0-301F-11D3-BF4B-00C04F79EFBC}") = "YOYO.NUnitTest", "YOYO.NUnitTest\YOYO.NUnitTest.csproj", "{4A57E5CE-C784-4DE2-83C2-A5239E5CAFD4}"
EndProject
Project("{FAE04EC0-301F-11D3-BF4B-00C04F79EFBC}") = "YOYO.ActionRuntime.Python", "YOYO.ActionRuntime.Python\YOYO.ActionRuntime.Python.csproj", "{05C7FA52-A0E9-45F3-9570-FC86264D189C}"
EndProject
Project("{FAE04EC0-301F-11D3-BF4B-00C04F79EFBC}") = "YOYO.ViewEngine.RazorViewEngine", "YOYO.ViewEngine.RazorViewEngine\YOYO.ViewEngine.RazorViewEngine.csproj", "{97DDE7FF-142F-4B34-AFD3-B64CF604EB94}"
EndProject
Project("{FAE04EC0-301F-11D3-BF4B-00C04F79EFBC}") = "ExtendPropertyLib", "ExtendPropertyLib\ExtendPropertyLib.csproj", "{77D423C3-8419-4B9D-ACF6-0E349D75B2ED}"
EndProject
Project("{FAE04EC0-301F-11D3-BF4B-00C04F79EFBC}") = "EasyEntities.Persistence", "MaxZhang.EasyEntities.Persistence\EasyEntities.Persistence.csproj", "{EDDF8CF9-94D6-4262-B550-42220813A714}"
EndProject
Project("{FAE04EC0-301F-11D3-BF4B-00C04F79EFBC}") = "YGC", "YGC\YGC.csproj", "{24747D60-A84B-4ECC-9B94-B5FDCD3C47C4}"
EndProject
Project("{2150E333-8FDC-42A3-9474-1A3956D46DE8}") = "AspNetCore", "AspNetCore", "{087C660C-DA6A-49B3-9B1A-94FCF50D70D0}"
EndProject
Project("{8BB2217D-0F2D-49D1-97BC-3654ED321F3B}") = "YOYO.AspNetCore.Owin", "YOYO.AspNetCore.Owin\YOYO.AspNetCore.Owin.xproj", "{68BCE77C-B1B7-4C13-BDF6-30694D622572}"
EndProject
Project("{8BB2217D-0F2D-49D1-97BC-3654ED321F3B}") = "YOYO.AspNetCore.Mvc", "YOYO.AspNetCore.Mvc\YOYO.AspNetCore.Mvc.xproj", "{217921F0-0DFC-42B1-90BE-D29BC85998C9}"
EndProject
Project("{2150E333-8FDC-42A3-9474-1A3956D46DE8}") = "Solution Items", "Solution Items", "{B1025C28-F4F2-4755-84EA-329D98A2E1F3}"
	ProjectSection(SolutionItems) = preProject
		Notepad\ASP.NET Core 总结1.md = Notepad\ASP.NET Core 总结1.md
	EndProjectSection
EndProject
Project("{8BB2217D-0F2D-49D1-97BC-3654ED321F3B}") = "YOYO.AspNetCore.ViewEngine.Razor", "YOYO.AspNetCore.ViewEngine.Razor\YOYO.AspNetCore.ViewEngine.Razor.xproj", "{286AC8A2-DB3B-48B1-8BF3-B0066527520A}"
EndProject
Project("{8BB2217D-0F2D-49D1-97BC-3654ED321F3B}") = "ConsoleApp1", "ConsoleApp1\ConsoleApp1.xproj", "{3FBFED6F-8F75-40A1-A783-2F3327C80FD7}"
EndProject
Project("{8BB2217D-0F2D-49D1-97BC-3654ED321F3B}") = "NET451OwinHost", "NET451OwinHost\NET451OwinHost.xproj", "{2A95D887-145D-4A7A-845A-92D1F82B1241}"
EndProject
Project("{8BB2217D-0F2D-49D1-97BC-3654ED321F3B}") = "CoreHost", "CoreHost\CoreHost.xproj", "{254AF020-1D6E-4EDE-927F-58720F6FE9B7}"
EndProject
Project("{8BB2217D-0F2D-49D1-97BC-3654ED321F3B}") = "YOYO.AspNetCore.Builder", "YOYO.AspNetCore.Builder\YOYO.AspNetCore.Builder.xproj", "{8C84E088-328B-484C-B558-B67FF612EF17}"
EndProject
Global
	GlobalSection(SolutionConfigurationPlatforms) = preSolution
		Debug|Any CPU = Debug|Any CPU
		Release|Any CPU = Release|Any CPU
	EndGlobalSection
	GlobalSection(ProjectConfigurationPlatforms) = postSolution
		{C2026151-9E62-4F53-B80C-CA9585118C18}.Debug|Any CPU.ActiveCfg = Debug|Any CPU
		{C2026151-9E62-4F53-B80C-CA9585118C18}.Debug|Any CPU.Build.0 = Debug|Any CPU
		{C2026151-9E62-4F53-B80C-CA9585118C18}.Release|Any CPU.ActiveCfg = Release|Any CPU
		{C2026151-9E62-4F53-B80C-CA9585118C18}.Release|Any CPU.Build.0 = Release|Any CPU
		{DC261051-8B99-497A-8C5B-2E57366177E2}.Debug|Any CPU.ActiveCfg = Debug|Any CPU
		{DC261051-8B99-497A-8C5B-2E57366177E2}.Debug|Any CPU.Build.0 = Debug|Any CPU
		{DC261051-8B99-497A-8C5B-2E57366177E2}.Release|Any CPU.ActiveCfg = Release|Any CPU
		{DC261051-8B99-497A-8C5B-2E57366177E2}.Release|Any CPU.Build.0 = Release|Any CPU
		{7B609DA0-A63F-42EF-BDA7-0031BB5E4349}.Debug|Any CPU.ActiveCfg = Debug|Any CPU
		{7B609DA0-A63F-42EF-BDA7-0031BB5E4349}.Debug|Any CPU.Build.0 = Debug|Any CPU
		{7B609DA0-A63F-42EF-BDA7-0031BB5E4349}.Release|Any CPU.ActiveCfg = Release|Any CPU
		{7B609DA0-A63F-42EF-BDA7-0031BB5E4349}.Release|Any CPU.Build.0 = Release|Any CPU
		{69105277-8BD6-404D-B81D-A8B22B08CD5E}.Debug|Any CPU.ActiveCfg = Debug|Any CPU
		{69105277-8BD6-404D-B81D-A8B22B08CD5E}.Debug|Any CPU.Build.0 = Debug|Any CPU
		{69105277-8BD6-404D-B81D-A8B22B08CD5E}.Release|Any CPU.ActiveCfg = Release|Any CPU
		{69105277-8BD6-404D-B81D-A8B22B08CD5E}.Release|Any CPU.Build.0 = Release|Any CPU
		{4A57E5CE-C784-4DE2-83C2-A5239E5CAFD4}.Debug|Any CPU.ActiveCfg = Debug|Any CPU
		{4A57E5CE-C784-4DE2-83C2-A5239E5CAFD4}.Debug|Any CPU.Build.0 = Debug|Any CPU
		{4A57E5CE-C784-4DE2-83C2-A5239E5CAFD4}.Release|Any CPU.ActiveCfg = Release|Any CPU
		{4A57E5CE-C784-4DE2-83C2-A5239E5CAFD4}.Release|Any CPU.Build.0 = Release|Any CPU
		{05C7FA52-A0E9-45F3-9570-FC86264D189C}.Debug|Any CPU.ActiveCfg = Debug|Any CPU
		{05C7FA52-A0E9-45F3-9570-FC86264D189C}.Debug|Any CPU.Build.0 = Debug|Any CPU
		{05C7FA52-A0E9-45F3-9570-FC86264D189C}.Release|Any CPU.ActiveCfg = Release|Any CPU
		{05C7FA52-A0E9-45F3-9570-FC86264D189C}.Release|Any CPU.Build.0 = Release|Any CPU
		{97DDE7FF-142F-4B34-AFD3-B64CF604EB94}.Debug|Any CPU.ActiveCfg = Debug|Any CPU
		{97DDE7FF-142F-4B34-AFD3-B64CF604EB94}.Debug|Any CPU.Build.0 = Debug|Any CPU
		{97DDE7FF-142F-4B34-AFD3-B64CF604EB94}.Release|Any CPU.ActiveCfg = Release|Any CPU
		{97DDE7FF-142F-4B34-AFD3-B64CF604EB94}.Release|Any CPU.Build.0 = Release|Any CPU
		{77D423C3-8419-4B9D-ACF6-0E349D75B2ED}.Debug|Any CPU.ActiveCfg = Debug|Any CPU
		{77D423C3-8419-4B9D-ACF6-0E349D75B2ED}.Debug|Any CPU.Build.0 = Debug|Any CPU
		{77D423C3-8419-4B9D-ACF6-0E349D75B2ED}.Release|Any CPU.ActiveCfg = Release|Any CPU
		{77D423C3-8419-4B9D-ACF6-0E349D75B2ED}.Release|Any CPU.Build.0 = Release|Any CPU
		{EDDF8CF9-94D6-4262-B550-42220813A714}.Debug|Any CPU.ActiveCfg = Debug|Any CPU
		{EDDF8CF9-94D6-4262-B550-42220813A714}.Debug|Any CPU.Build.0 = Debug|Any CPU
		{EDDF8CF9-94D6-4262-B550-42220813A714}.Release|Any CPU.ActiveCfg = Release|Any CPU
		{EDDF8CF9-94D6-4262-B550-42220813A714}.Release|Any CPU.Build.0 = Release|Any CPU
		{24747D60-A84B-4ECC-9B94-B5FDCD3C47C4}.Debug|Any CPU.ActiveCfg = Debug|Any CPU
		{24747D60-A84B-4ECC-9B94-B5FDCD3C47C4}.Debug|Any CPU.Build.0 = Debug|Any CPU
		{24747D60-A84B-4ECC-9B94-B5FDCD3C47C4}.Release|Any CPU.ActiveCfg = Release|Any CPU
		{24747D60-A84B-4ECC-9B94-B5FDCD3C47C4}.Release|Any CPU.Build.0 = Release|Any CPU
		{68BCE77C-B1B7-4C13-BDF6-30694D622572}.Debug|Any CPU.ActiveCfg = Debug|Any CPU
		{68BCE77C-B1B7-4C13-BDF6-30694D622572}.Debug|Any CPU.Build.0 = Debug|Any CPU
		{68BCE77C-B1B7-4C13-BDF6-30694D622572}.Release|Any CPU.ActiveCfg = Release|Any CPU
		{68BCE77C-B1B7-4C13-BDF6-30694D622572}.Release|Any CPU.Build.0 = Release|Any CPU
		{217921F0-0DFC-42B1-90BE-D29BC85998C9}.Debug|Any CPU.ActiveCfg = Debug|Any CPU
		{217921F0-0DFC-42B1-90BE-D29BC85998C9}.Debug|Any CPU.Build.0 = Debug|Any CPU
		{217921F0-0DFC-42B1-90BE-D29BC85998C9}.Release|Any CPU.ActiveCfg = Release|Any CPU
		{217921F0-0DFC-42B1-90BE-D29BC85998C9}.Release|Any CPU.Build.0 = Release|Any CPU
		{286AC8A2-DB3B-48B1-8BF3-B0066527520A}.Debug|Any CPU.ActiveCfg = Debug|Any CPU
		{286AC8A2-DB3B-48B1-8BF3-B0066527520A}.Debug|Any CPU.Build.0 = Debug|Any CPU
		{286AC8A2-DB3B-48B1-8BF3-B0066527520A}.Release|Any CPU.ActiveCfg = Release|Any CPU
		{286AC8A2-DB3B-48B1-8BF3-B0066527520A}.Release|Any CPU.Build.0 = Release|Any CPU
		{3FBFED6F-8F75-40A1-A783-2F3327C80FD7}.Debug|Any CPU.ActiveCfg = Debug|Any CPU
		{3FBFED6F-8F75-40A1-A783-2F3327C80FD7}.Debug|Any CPU.Build.0 = Debug|Any CPU
		{3FBFED6F-8F75-40A1-A783-2F3327C80FD7}.Release|Any CPU.ActiveCfg = Release|Any CPU
		{3FBFED6F-8F75-40A1-A783-2F3327C80FD7}.Release|Any CPU.Build.0 = Release|Any CPU
		{2A95D887-145D-4A7A-845A-92D1F82B1241}.Debug|Any CPU.ActiveCfg = Debug|Any CPU
		{2A95D887-145D-4A7A-845A-92D1F82B1241}.Debug|Any CPU.Build.0 = Debug|Any CPU
		{2A95D887-145D-4A7A-845A-92D1F82B1241}.Release|Any CPU.ActiveCfg = Release|Any CPU
		{2A95D887-145D-4A7A-845A-92D1F82B1241}.Release|Any CPU.Build.0 = Release|Any CPU
		{254AF020-1D6E-4EDE-927F-58720F6FE9B7}.Debug|Any CPU.ActiveCfg = Debug|Any CPU
		{254AF020-1D6E-4EDE-927F-58720F6FE9B7}.Debug|Any CPU.Build.0 = Debug|Any CPU
		{254AF020-1D6E-4EDE-927F-58720F6FE9B7}.Release|Any CPU.ActiveCfg = Release|Any CPU
		{254AF020-1D6E-4EDE-927F-58720F6FE9B7}.Release|Any CPU.Build.0 = Release|Any CPU
		{8C84E088-328B-484C-B558-B67FF612EF17}.Debug|Any CPU.ActiveCfg = Debug|Any CPU
		{8C84E088-328B-484C-B558-B67FF612EF17}.Debug|Any CPU.Build.0 = Debug|Any CPU
		{8C84E088-328B-484C-B558-B67FF612EF17}.Release|Any CPU.ActiveCfg = Release|Any CPU
		{8C84E088-328B-484C-B558-B67FF612EF17}.Release|Any CPU.Build.0 = Release|Any CPU
	EndGlobalSection
	GlobalSection(SolutionProperties) = preSolution
		HideSolutionNode = FALSE
	EndGlobalSection
	GlobalSection(NestedProjects) = preSolution
		{DC261051-8B99-497A-8C5B-2E57366177E2} = {DE258FE0-C649-4EF3-B64F-190CC4BE0F02}
		{7B609DA0-A63F-42EF-BDA7-0031BB5E4349} = {D5F71109-AC3C-421B-A989-5D54026BEC3B}
		{68BCE77C-B1B7-4C13-BDF6-30694D622572} = {087C660C-DA6A-49B3-9B1A-94FCF50D70D0}
		{217921F0-0DFC-42B1-90BE-D29BC85998C9} = {087C660C-DA6A-49B3-9B1A-94FCF50D70D0}
		{286AC8A2-DB3B-48B1-8BF3-B0066527520A} = {087C660C-DA6A-49B3-9B1A-94FCF50D70D0}
		{3FBFED6F-8F75-40A1-A783-2F3327C80FD7} = {087C660C-DA6A-49B3-9B1A-94FCF50D70D0}
		{2A95D887-145D-4A7A-845A-92D1F82B1241} = {DE258FE0-C649-4EF3-B64F-190CC4BE0F02}
		{254AF020-1D6E-4EDE-927F-58720F6FE9B7} = {DE258FE0-C649-4EF3-B64F-190CC4BE0F02}
		{8C84E088-328B-484C-B558-B67FF612EF17} = {087C660C-DA6A-49B3-9B1A-94FCF50D70D0}
	EndGlobalSection
EndGlobal
